
Microsoft Visual Studio Solution File, Format Version 12.00
# Visual Studio Version 16
VisualStudioVersion = 16.0.32106.194
MinimumVisualStudioVersion = 10.0.40219.1
Project("{FAE04EC0-301F-11D3-BF4B-00C04F79EFBC}") = "S4ta", "S4ta\S4ta.csproj", "{B35D4E9F-4C74-47A7-8F6C-262A78755F42}"
EndProject
Global
	GlobalSection(SolutionConfigurationPlatforms) = preSolution
		Debug|Any CPU = Debug|Any CPU
		Release|Any CPU = Release|Any CPU
	EndGlobalSection
	GlobalSection(ProjectConfigurationPlatforms) = postSolution
		{B35D4E9F-4C74-47A7-8F6C-262A78755F42}.Debug|Any CPU.ActiveCfg = Debug|Any CPU
		{B35D4E9F-4C74-47A7-8F6C-262A78755F42}.Debug|Any CPU.Build.0 = Debug|Any CPU
		{B35D4E9F-4C74-47A7-8F6C-262A78755F42}.Release|Any CPU.ActiveCfg = Release|Any CPU
		{B35D4E9F-4C74-47A7-8F6C-262A78755F42}.Release|Any CPU.Build.0 = Release|Any CPU
	EndGlobalSection
	GlobalSection(SolutionProperties) = preSolution
		HideSolutionNode = FALSE
	EndGlobalSection
	GlobalSection(ExtensibilityGlobals) = postSolution
		SolutionGuid = {A0D04E13-35FB-410E-AB56-82CB0FE4D4A3}
	EndGlobalSection
EndGlobal
